
Microsoft Visual Studio Solution File, Format Version 12.00
Project("{2150E333-8FDC-42A3-9474-1A3956D46DE8}") = "Bootstrapper", "Bootstrapper", "{51344555-2E68-4920-9E11-5D5D4B329327}"
EndProject
Project("{2150E333-8FDC-42A3-9474-1A3956D46DE8}") = "Modules", "Modules", "{E7CEE90E-F428-44CF-B67F-54C6400D992A}"
EndProject
Project("{2150E333-8FDC-42A3-9474-1A3956D46DE8}") = "Shared", "Shared", "{D20ED5AA-93B8-44E6-BEC1-732D63C0912B}"
EndProject
Project("{FAE04EC0-301F-11D3-BF4B-00C04F79EFBC}") = "Cold.Bootstrapper", "Bootstrapper\Cold.Bootstrapper\Cold.Bootstrapper.csproj", "{98C2F8D0-B23C-443A-957B-B83562C7EEB5}"
EndProject
Project("{FAE04EC0-301F-11D3-BF4B-00C04F79EFBC}") = "Cold.Shared", "Shared\Cold.Shared\Cold.Shared.csproj", "{85BCC4AD-E71E-4B09-965A-8A8E3A7099C4}"
EndProject
Project("{2150E333-8FDC-42A3-9474-1A3956D46DE8}") = "Catalog", "Catalog", "{AB90E174-CFD7-4609-AF0C-90BD05CE6D08}"
EndProject
Project("{FAE04EC0-301F-11D3-BF4B-00C04F79EFBC}") = "Cold.Catalog.Api", "Modules\Catalog\Cold.Catalog.Api\Cold.Catalog.Api.csproj", "{858B58C5-0C35-4CBA-81C4-29489AFCF830}"
EndProject
Project("{FAE04EC0-301F-11D3-BF4B-00C04F79EFBC}") = "Cold.Catalog.Core", "Modules\Catalog\Cold.Catalog.Core\Cold.Catalog.Core.csproj", "{48FEEF83-CBA2-4FC5-972D-87F61CE62939}"
EndProject
Project("{FAE04EC0-301F-11D3-BF4B-00C04F79EFBC}") = "Cold.Catalog.Shared", "Modules\Catalog\Cold.Catalog.Shared\Cold.Catalog.Shared.csproj", "{207D750A-3A91-43B8-A40D-3FB8E8DD78CA}"
EndProject
Project("{2150E333-8FDC-42A3-9474-1A3956D46DE8}") = "Contracts", "Contracts", "{F91092AE-6B93-69D7-9E1E-B7C6ABA562D6}"
EndProject
Project("{FAE04EC0-301F-11D3-BF4B-00C04F79EFBC}") = "Cold.Contracts.Shared", "Modules\Contracts\Cold.Contracts.Shared\Cold.Contracts.Shared.csproj", "{A934F701-992A-4988-BA23-058CD1F4BE99}"
EndProject
Project("{FAE04EC0-301F-11D3-BF4B-00C04F79EFBC}") = "Cold.Contracts.Core", "Modules\Contracts\Cold.Contracts.Core\Cold.Contracts.Core.csproj", "{3C60B777-9BED-4980-B44C-5ACEAE81CB52}"
EndProject
Project("{FAE04EC0-301F-11D3-BF4B-00C04F79EFBC}") = "Cold.Contracts.Api", "Modules\Contracts\Cold.Contracts.Api\Cold.Contracts.Api.csproj", "{DEBA135A-2C6B-4125-AD50-665AC3CE1FF7}"
EndProject
Project("{2150E333-8FDC-42A3-9474-1A3956D46DE8}") = "Deliveries", "Deliveries", "{D474BC93-428F-4FAF-BE0A-5DAB2231D726}"
EndProject
Project("{FAE04EC0-301F-11D3-BF4B-00C04F79EFBC}") = "Cold.Deliveries.Api", "Modules\Deliveries\Cold.Deliveries.Api\Cold.Deliveries.Api.csproj", "{82CB7D59-55CE-4F56-981C-47A8E5D100A3}"
EndProject
Project("{FAE04EC0-301F-11D3-BF4B-00C04F79EFBC}") = "Cold.Deliveries.Core", "Modules\Deliveries\Cold.Deliveries.Core\Cold.Deliveries.Core.csproj", "{6BD25877-074D-464D-A377-93AC830B0104}"
EndProject
Project("{FAE04EC0-301F-11D3-BF4B-00C04F79EFBC}") = "Cold.Deliveries.Shared", "Modules\Deliveries\Cold.Deliveries.Shared\Cold.Deliveries.Shared.csproj", "{C07FA403-FDD9-496B-962E-A28BD458459E}"
EndProject
Project("{2150E333-8FDC-42A3-9474-1A3956D46DE8}") = "Packages", "Packages", "{F21D9C36-3483-4EE0-BA5B-AB23B4906AFB}"
EndProject
Project("{FAE04EC0-301F-11D3-BF4B-00C04F79EFBC}") = "Cold.Packages.Api", "Modules\Packages\Cold.Packages.Api\Cold.Packages.Api.csproj", "{AA6B8A3C-FDD1-4E22-8D85-D1D13B4B4A38}"
EndProject
Project("{FAE04EC0-301F-11D3-BF4B-00C04F79EFBC}") = "Cold.Packages.Shared", "Modules\Packages\Cold.Packages.Shared\Cold.Packages.Shared.csproj", "{C2DCA2F3-73B2-4C41-9923-F8AEC31E0CC9}"
EndProject
Project("{FAE04EC0-301F-11D3-BF4B-00C04F79EFBC}") = "Cold.Packages.Core", "Modules\Packages\Cold.Packages.Core\Cold.Packages.Core.csproj", "{18405E47-AA05-4C59-A491-A1B0D74BEC43}"
EndProject
Project("{2150E333-8FDC-42A3-9474-1A3956D46DE8}") = "Auth", "Auth", "{838CE182-28FC-7245-2CA5-B24D851E05E5}"
EndProject
Project("{FAE04EC0-301F-11D3-BF4B-00C04F79EFBC}") = "Cold.Auth.Api", "Modules\Auth\Cold.Auth.Api\Cold.Auth.Api.csproj", "{77ED5F93-8401-4F99-99FE-4340E39A3423}"
EndProject
Project("{FAE04EC0-301F-11D3-BF4B-00C04F79EFBC}") = "Cold.Auth.Core", "Modules\Auth\Cold.Auth.Core\Cold.Auth.Core.csproj", "{DEC5C64C-B19B-4404-882A-D177882FBCC4}"
EndProject
Project("{FAE04EC0-301F-11D3-BF4B-00C04F79EFBC}") = "Cold.Auth.Shared", "Modules\Auth\Cold.Auth.Shared\Cold.Auth.Shared.csproj", "{21BF589B-9DBA-4710-A859-E7C0F833DA68}"
EndProject
Global
	GlobalSection(SolutionConfigurationPlatforms) = preSolution
		Debug|Any CPU = Debug|Any CPU
		Debug|x64 = Debug|x64
		Debug|x86 = Debug|x86
		Release|Any CPU = Release|Any CPU
		Release|x64 = Release|x64
		Release|x86 = Release|x86
	EndGlobalSection
	GlobalSection(ProjectConfigurationPlatforms) = postSolution
		{98C2F8D0-B23C-443A-957B-B83562C7EEB5}.Debug|Any CPU.ActiveCfg = Debug|Any CPU
		{98C2F8D0-B23C-443A-957B-B83562C7EEB5}.Debug|Any CPU.Build.0 = Debug|Any CPU
		{98C2F8D0-B23C-443A-957B-B83562C7EEB5}.Debug|x64.ActiveCfg = Debug|Any CPU
		{98C2F8D0-B23C-443A-957B-B83562C7EEB5}.Debug|x64.Build.0 = Debug|Any CPU
		{98C2F8D0-B23C-443A-957B-B83562C7EEB5}.Debug|x86.ActiveCfg = Debug|Any CPU
		{98C2F8D0-B23C-443A-957B-B83562C7EEB5}.Debug|x86.Build.0 = Debug|Any CPU
		{98C2F8D0-B23C-443A-957B-B83562C7EEB5}.Release|Any CPU.ActiveCfg = Release|Any CPU
		{98C2F8D0-B23C-443A-957B-B83562C7EEB5}.Release|Any CPU.Build.0 = Release|Any CPU
		{98C2F8D0-B23C-443A-957B-B83562C7EEB5}.Release|x64.ActiveCfg = Release|Any CPU
		{98C2F8D0-B23C-443A-957B-B83562C7EEB5}.Release|x64.Build.0 = Release|Any CPU
		{98C2F8D0-B23C-443A-957B-B83562C7EEB5}.Release|x86.ActiveCfg = Release|Any CPU
		{98C2F8D0-B23C-443A-957B-B83562C7EEB5}.Release|x86.Build.0 = Release|Any CPU
		{85BCC4AD-E71E-4B09-965A-8A8E3A7099C4}.Debug|Any CPU.ActiveCfg = Debug|Any CPU
		{85BCC4AD-E71E-4B09-965A-8A8E3A7099C4}.Debug|Any CPU.Build.0 = Debug|Any CPU
		{85BCC4AD-E71E-4B09-965A-8A8E3A7099C4}.Debug|x64.ActiveCfg = Debug|Any CPU
		{85BCC4AD-E71E-4B09-965A-8A8E3A7099C4}.Debug|x64.Build.0 = Debug|Any CPU
		{85BCC4AD-E71E-4B09-965A-8A8E3A7099C4}.Debug|x86.ActiveCfg = Debug|Any CPU
		{85BCC4AD-E71E-4B09-965A-8A8E3A7099C4}.Debug|x86.Build.0 = Debug|Any CPU
		{85BCC4AD-E71E-4B09-965A-8A8E3A7099C4}.Release|Any CPU.ActiveCfg = Release|Any CPU
		{85BCC4AD-E71E-4B09-965A-8A8E3A7099C4}.Release|Any CPU.Build.0 = Release|Any CPU
		{85BCC4AD-E71E-4B09-965A-8A8E3A7099C4}.Release|x64.ActiveCfg = Release|Any CPU
		{85BCC4AD-E71E-4B09-965A-8A8E3A7099C4}.Release|x64.Build.0 = Release|Any CPU
		{85BCC4AD-E71E-4B09-965A-8A8E3A7099C4}.Release|x86.ActiveCfg = Release|Any CPU
		{85BCC4AD-E71E-4B09-965A-8A8E3A7099C4}.Release|x86.Build.0 = Release|Any CPU
		{858B58C5-0C35-4CBA-81C4-29489AFCF830}.Debug|Any CPU.ActiveCfg = Debug|Any CPU
		{858B58C5-0C35-4CBA-81C4-29489AFCF830}.Debug|Any CPU.Build.0 = Debug|Any CPU
		{858B58C5-0C35-4CBA-81C4-29489AFCF830}.Debug|x64.ActiveCfg = Debug|Any CPU
		{858B58C5-0C35-4CBA-81C4-29489AFCF830}.Debug|x64.Build.0 = Debug|Any CPU
		{858B58C5-0C35-4CBA-81C4-29489AFCF830}.Debug|x86.ActiveCfg = Debug|Any CPU
		{858B58C5-0C35-4CBA-81C4-29489AFCF830}.Debug|x86.Build.0 = Debug|Any CPU
		{858B58C5-0C35-4CBA-81C4-29489AFCF830}.Release|Any CPU.ActiveCfg = Release|Any CPU
		{858B58C5-0C35-4CBA-81C4-29489AFCF830}.Release|Any CPU.Build.0 = Release|Any CPU
		{858B58C5-0C35-4CBA-81C4-29489AFCF830}.Release|x64.ActiveCfg = Release|Any CPU
		{858B58C5-0C35-4CBA-81C4-29489AFCF830}.Release|x64.Build.0 = Release|Any CPU
		{858B58C5-0C35-4CBA-81C4-29489AFCF830}.Release|x86.ActiveCfg = Release|Any CPU
		{858B58C5-0C35-4CBA-81C4-29489AFCF830}.Release|x86.Build.0 = Release|Any CPU
		{48FEEF83-CBA2-4FC5-972D-87F61CE62939}.Debug|Any CPU.ActiveCfg = Debug|Any CPU
		{48FEEF83-CBA2-4FC5-972D-87F61CE62939}.Debug|Any CPU.Build.0 = Debug|Any CPU
		{48FEEF83-CBA2-4FC5-972D-87F61CE62939}.Debug|x64.ActiveCfg = Debug|Any CPU
		{48FEEF83-CBA2-4FC5-972D-87F61CE62939}.Debug|x64.Build.0 = Debug|Any CPU
		{48FEEF83-CBA2-4FC5-972D-87F61CE62939}.Debug|x86.ActiveCfg = Debug|Any CPU
		{48FEEF83-CBA2-4FC5-972D-87F61CE62939}.Debug|x86.Build.0 = Debug|Any CPU
		{48FEEF83-CBA2-4FC5-972D-87F61CE62939}.Release|Any CPU.ActiveCfg = Release|Any CPU
		{48FEEF83-CBA2-4FC5-972D-87F61CE62939}.Release|Any CPU.Build.0 = Release|Any CPU
		{48FEEF83-CBA2-4FC5-972D-87F61CE62939}.Release|x64.ActiveCfg = Release|Any CPU
		{48FEEF83-CBA2-4FC5-972D-87F61CE62939}.Release|x64.Build.0 = Release|Any CPU
		{48FEEF83-CBA2-4FC5-972D-87F61CE62939}.Release|x86.ActiveCfg = Release|Any CPU
		{48FEEF83-CBA2-4FC5-972D-87F61CE62939}.Release|x86.Build.0 = Release|Any CPU
		{207D750A-3A91-43B8-A40D-3FB8E8DD78CA}.Debug|Any CPU.ActiveCfg = Debug|Any CPU
		{207D750A-3A91-43B8-A40D-3FB8E8DD78CA}.Debug|Any CPU.Build.0 = Debug|Any CPU
		{207D750A-3A91-43B8-A40D-3FB8E8DD78CA}.Debug|x64.ActiveCfg = Debug|Any CPU
		{207D750A-3A91-43B8-A40D-3FB8E8DD78CA}.Debug|x64.Build.0 = Debug|Any CPU
		{207D750A-3A91-43B8-A40D-3FB8E8DD78CA}.Debug|x86.ActiveCfg = Debug|Any CPU
		{207D750A-3A91-43B8-A40D-3FB8E8DD78CA}.Debug|x86.Build.0 = Debug|Any CPU
		{207D750A-3A91-43B8-A40D-3FB8E8DD78CA}.Release|Any CPU.ActiveCfg = Release|Any CPU
		{207D750A-3A91-43B8-A40D-3FB8E8DD78CA}.Release|Any CPU.Build.0 = Release|Any CPU
		{207D750A-3A91-43B8-A40D-3FB8E8DD78CA}.Release|x64.ActiveCfg = Release|Any CPU
		{207D750A-3A91-43B8-A40D-3FB8E8DD78CA}.Release|x64.Build.0 = Release|Any CPU
		{207D750A-3A91-43B8-A40D-3FB8E8DD78CA}.Release|x86.ActiveCfg = Release|Any CPU
		{207D750A-3A91-43B8-A40D-3FB8E8DD78CA}.Release|x86.Build.0 = Release|Any CPU
		{A934F701-992A-4988-BA23-058CD1F4BE99}.Debug|Any CPU.ActiveCfg = Debug|Any CPU
		{A934F701-992A-4988-BA23-058CD1F4BE99}.Debug|Any CPU.Build.0 = Debug|Any CPU
		{A934F701-992A-4988-BA23-058CD1F4BE99}.Debug|x64.ActiveCfg = Debug|Any CPU
		{A934F701-992A-4988-BA23-058CD1F4BE99}.Debug|x64.Build.0 = Debug|Any CPU
		{A934F701-992A-4988-BA23-058CD1F4BE99}.Debug|x86.ActiveCfg = Debug|Any CPU
		{A934F701-992A-4988-BA23-058CD1F4BE99}.Debug|x86.Build.0 = Debug|Any CPU
		{A934F701-992A-4988-BA23-058CD1F4BE99}.Release|Any CPU.ActiveCfg = Release|Any CPU
		{A934F701-992A-4988-BA23-058CD1F4BE99}.Release|Any CPU.Build.0 = Release|Any CPU
		{A934F701-992A-4988-BA23-058CD1F4BE99}.Release|x64.ActiveCfg = Release|Any CPU
		{A934F701-992A-4988-BA23-058CD1F4BE99}.Release|x64.Build.0 = Release|Any CPU
		{A934F701-992A-4988-BA23-058CD1F4BE99}.Release|x86.ActiveCfg = Release|Any CPU
		{A934F701-992A-4988-BA23-058CD1F4BE99}.Release|x86.Build.0 = Release|Any CPU
		{3C60B777-9BED-4980-B44C-5ACEAE81CB52}.Debug|Any CPU.ActiveCfg = Debug|Any CPU
		{3C60B777-9BED-4980-B44C-5ACEAE81CB52}.Debug|Any CPU.Build.0 = Debug|Any CPU
		{3C60B777-9BED-4980-B44C-5ACEAE81CB52}.Debug|x64.ActiveCfg = Debug|Any CPU
		{3C60B777-9BED-4980-B44C-5ACEAE81CB52}.Debug|x64.Build.0 = Debug|Any CPU
		{3C60B777-9BED-4980-B44C-5ACEAE81CB52}.Debug|x86.ActiveCfg = Debug|Any CPU
		{3C60B777-9BED-4980-B44C-5ACEAE81CB52}.Debug|x86.Build.0 = Debug|Any CPU
		{3C60B777-9BED-4980-B44C-5ACEAE81CB52}.Release|Any CPU.ActiveCfg = Release|Any CPU
		{3C60B777-9BED-4980-B44C-5ACEAE81CB52}.Release|Any CPU.Build.0 = Release|Any CPU
		{3C60B777-9BED-4980-B44C-5ACEAE81CB52}.Release|x64.ActiveCfg = Release|Any CPU
		{3C60B777-9BED-4980-B44C-5ACEAE81CB52}.Release|x64.Build.0 = Release|Any CPU
		{3C60B777-9BED-4980-B44C-5ACEAE81CB52}.Release|x86.ActiveCfg = Release|Any CPU
		{3C60B777-9BED-4980-B44C-5ACEAE81CB52}.Release|x86.Build.0 = Release|Any CPU
		{DEBA135A-2C6B-4125-AD50-665AC3CE1FF7}.Debug|Any CPU.ActiveCfg = Debug|Any CPU
		{DEBA135A-2C6B-4125-AD50-665AC3CE1FF7}.Debug|Any CPU.Build.0 = Debug|Any CPU
		{DEBA135A-2C6B-4125-AD50-665AC3CE1FF7}.Debug|x64.ActiveCfg = Debug|Any CPU
		{DEBA135A-2C6B-4125-AD50-665AC3CE1FF7}.Debug|x64.Build.0 = Debug|Any CPU
		{DEBA135A-2C6B-4125-AD50-665AC3CE1FF7}.Debug|x86.ActiveCfg = Debug|Any CPU
		{DEBA135A-2C6B-4125-AD50-665AC3CE1FF7}.Debug|x86.Build.0 = Debug|Any CPU
		{DEBA135A-2C6B-4125-AD50-665AC3CE1FF7}.Release|Any CPU.ActiveCfg = Release|Any CPU
		{DEBA135A-2C6B-4125-AD50-665AC3CE1FF7}.Release|Any CPU.Build.0 = Release|Any CPU
		{DEBA135A-2C6B-4125-AD50-665AC3CE1FF7}.Release|x64.ActiveCfg = Release|Any CPU
		{DEBA135A-2C6B-4125-AD50-665AC3CE1FF7}.Release|x64.Build.0 = Release|Any CPU
		{DEBA135A-2C6B-4125-AD50-665AC3CE1FF7}.Release|x86.ActiveCfg = Release|Any CPU
		{DEBA135A-2C6B-4125-AD50-665AC3CE1FF7}.Release|x86.Build.0 = Release|Any CPU
		{82CB7D59-55CE-4F56-981C-47A8E5D100A3}.Debug|Any CPU.ActiveCfg = Debug|Any CPU
		{82CB7D59-55CE-4F56-981C-47A8E5D100A3}.Debug|Any CPU.Build.0 = Debug|Any CPU
		{82CB7D59-55CE-4F56-981C-47A8E5D100A3}.Debug|x64.ActiveCfg = Debug|Any CPU
		{82CB7D59-55CE-4F56-981C-47A8E5D100A3}.Debug|x64.Build.0 = Debug|Any CPU
		{82CB7D59-55CE-4F56-981C-47A8E5D100A3}.Debug|x86.ActiveCfg = Debug|Any CPU
		{82CB7D59-55CE-4F56-981C-47A8E5D100A3}.Debug|x86.Build.0 = Debug|Any CPU
		{82CB7D59-55CE-4F56-981C-47A8E5D100A3}.Release|Any CPU.ActiveCfg = Release|Any CPU
		{82CB7D59-55CE-4F56-981C-47A8E5D100A3}.Release|Any CPU.Build.0 = Release|Any CPU
		{82CB7D59-55CE-4F56-981C-47A8E5D100A3}.Release|x64.ActiveCfg = Release|Any CPU
		{82CB7D59-55CE-4F56-981C-47A8E5D100A3}.Release|x64.Build.0 = Release|Any CPU
		{82CB7D59-55CE-4F56-981C-47A8E5D100A3}.Release|x86.ActiveCfg = Release|Any CPU
		{82CB7D59-55CE-4F56-981C-47A8E5D100A3}.Release|x86.Build.0 = Release|Any CPU
		{6BD25877-074D-464D-A377-93AC830B0104}.Debug|Any CPU.ActiveCfg = Debug|Any CPU
		{6BD25877-074D-464D-A377-93AC830B0104}.Debug|Any CPU.Build.0 = Debug|Any CPU
		{6BD25877-074D-464D-A377-93AC830B0104}.Debug|x64.ActiveCfg = Debug|Any CPU
		{6BD25877-074D-464D-A377-93AC830B0104}.Debug|x64.Build.0 = Debug|Any CPU
		{6BD25877-074D-464D-A377-93AC830B0104}.Debug|x86.ActiveCfg = Debug|Any CPU
		{6BD25877-074D-464D-A377-93AC830B0104}.Debug|x86.Build.0 = Debug|Any CPU
		{6BD25877-074D-464D-A377-93AC830B0104}.Release|Any CPU.ActiveCfg = Release|Any CPU
		{6BD25877-074D-464D-A377-93AC830B0104}.Release|Any CPU.Build.0 = Release|Any CPU
		{6BD25877-074D-464D-A377-93AC830B0104}.Release|x64.ActiveCfg = Release|Any CPU
		{6BD25877-074D-464D-A377-93AC830B0104}.Release|x64.Build.0 = Release|Any CPU
		{6BD25877-074D-464D-A377-93AC830B0104}.Release|x86.ActiveCfg = Release|Any CPU
		{6BD25877-074D-464D-A377-93AC830B0104}.Release|x86.Build.0 = Release|Any CPU
		{C07FA403-FDD9-496B-962E-A28BD458459E}.Debug|Any CPU.ActiveCfg = Debug|Any CPU
		{C07FA403-FDD9-496B-962E-A28BD458459E}.Debug|Any CPU.Build.0 = Debug|Any CPU
		{C07FA403-FDD9-496B-962E-A28BD458459E}.Debug|x64.ActiveCfg = Debug|Any CPU
		{C07FA403-FDD9-496B-962E-A28BD458459E}.Debug|x64.Build.0 = Debug|Any CPU
		{C07FA403-FDD9-496B-962E-A28BD458459E}.Debug|x86.ActiveCfg = Debug|Any CPU
		{C07FA403-FDD9-496B-962E-A28BD458459E}.Debug|x86.Build.0 = Debug|Any CPU
		{C07FA403-FDD9-496B-962E-A28BD458459E}.Release|Any CPU.ActiveCfg = Release|Any CPU
		{C07FA403-FDD9-496B-962E-A28BD458459E}.Release|Any CPU.Build.0 = Release|Any CPU
		{C07FA403-FDD9-496B-962E-A28BD458459E}.Release|x64.ActiveCfg = Release|Any CPU
		{C07FA403-FDD9-496B-962E-A28BD458459E}.Release|x64.Build.0 = Release|Any CPU
		{C07FA403-FDD9-496B-962E-A28BD458459E}.Release|x86.ActiveCfg = Release|Any CPU
		{C07FA403-FDD9-496B-962E-A28BD458459E}.Release|x86.Build.0 = Release|Any CPU
		{AA6B8A3C-FDD1-4E22-8D85-D1D13B4B4A38}.Debug|Any CPU.ActiveCfg = Debug|Any CPU
		{AA6B8A3C-FDD1-4E22-8D85-D1D13B4B4A38}.Debug|Any CPU.Build.0 = Debug|Any CPU
		{AA6B8A3C-FDD1-4E22-8D85-D1D13B4B4A38}.Debug|x64.ActiveCfg = Debug|Any CPU
		{AA6B8A3C-FDD1-4E22-8D85-D1D13B4B4A38}.Debug|x64.Build.0 = Debug|Any CPU
		{AA6B8A3C-FDD1-4E22-8D85-D1D13B4B4A38}.Debug|x86.ActiveCfg = Debug|Any CPU
		{AA6B8A3C-FDD1-4E22-8D85-D1D13B4B4A38}.Debug|x86.Build.0 = Debug|Any CPU
		{AA6B8A3C-FDD1-4E22-8D85-D1D13B4B4A38}.Release|Any CPU.ActiveCfg = Release|Any CPU
		{AA6B8A3C-FDD1-4E22-8D85-D1D13B4B4A38}.Release|Any CPU.Build.0 = Release|Any CPU
		{AA6B8A3C-FDD1-4E22-8D85-D1D13B4B4A38}.Release|x64.ActiveCfg = Release|Any CPU
		{AA6B8A3C-FDD1-4E22-8D85-D1D13B4B4A38}.Release|x64.Build.0 = Release|Any CPU
		{AA6B8A3C-FDD1-4E22-8D85-D1D13B4B4A38}.Release|x86.ActiveCfg = Release|Any CPU
		{AA6B8A3C-FDD1-4E22-8D85-D1D13B4B4A38}.Release|x86.Build.0 = Release|Any CPU
		{C2DCA2F3-73B2-4C41-9923-F8AEC31E0CC9}.Debug|Any CPU.ActiveCfg = Debug|Any CPU
		{C2DCA2F3-73B2-4C41-9923-F8AEC31E0CC9}.Debug|Any CPU.Build.0 = Debug|Any CPU
		{C2DCA2F3-73B2-4C41-9923-F8AEC31E0CC9}.Debug|x64.ActiveCfg = Debug|Any CPU
		{C2DCA2F3-73B2-4C41-9923-F8AEC31E0CC9}.Debug|x64.Build.0 = Debug|Any CPU
		{C2DCA2F3-73B2-4C41-9923-F8AEC31E0CC9}.Debug|x86.ActiveCfg = Debug|Any CPU
		{C2DCA2F3-73B2-4C41-9923-F8AEC31E0CC9}.Debug|x86.Build.0 = Debug|Any CPU
		{C2DCA2F3-73B2-4C41-9923-F8AEC31E0CC9}.Release|Any CPU.ActiveCfg = Release|Any CPU
		{C2DCA2F3-73B2-4C41-9923-F8AEC31E0CC9}.Release|Any CPU.Build.0 = Release|Any CPU
		{C2DCA2F3-73B2-4C41-9923-F8AEC31E0CC9}.Release|x64.ActiveCfg = Release|Any CPU
		{C2DCA2F3-73B2-4C41-9923-F8AEC31E0CC9}.Release|x64.Build.0 = Release|Any CPU
		{C2DCA2F3-73B2-4C41-9923-F8AEC31E0CC9}.Release|x86.ActiveCfg = Release|Any CPU
		{C2DCA2F3-73B2-4C41-9923-F8AEC31E0CC9}.Release|x86.Build.0 = Release|Any CPU
		{18405E47-AA05-4C59-A491-A1B0D74BEC43}.Debug|Any CPU.ActiveCfg = Debug|Any CPU
		{18405E47-AA05-4C59-A491-A1B0D74BEC43}.Debug|Any CPU.Build.0 = Debug|Any CPU
		{18405E47-AA05-4C59-A491-A1B0D74BEC43}.Debug|x64.ActiveCfg = Debug|Any CPU
		{18405E47-AA05-4C59-A491-A1B0D74BEC43}.Debug|x64.Build.0 = Debug|Any CPU
		{18405E47-AA05-4C59-A491-A1B0D74BEC43}.Debug|x86.ActiveCfg = Debug|Any CPU
		{18405E47-AA05-4C59-A491-A1B0D74BEC43}.Debug|x86.Build.0 = Debug|Any CPU
		{18405E47-AA05-4C59-A491-A1B0D74BEC43}.Release|Any CPU.ActiveCfg = Release|Any CPU
		{18405E47-AA05-4C59-A491-A1B0D74BEC43}.Release|Any CPU.Build.0 = Release|Any CPU
		{18405E47-AA05-4C59-A491-A1B0D74BEC43}.Release|x64.ActiveCfg = Release|Any CPU
		{18405E47-AA05-4C59-A491-A1B0D74BEC43}.Release|x64.Build.0 = Release|Any CPU
		{18405E47-AA05-4C59-A491-A1B0D74BEC43}.Release|x86.ActiveCfg = Release|Any CPU
		{18405E47-AA05-4C59-A491-A1B0D74BEC43}.Release|x86.Build.0 = Release|Any CPU
		{77ED5F93-8401-4F99-99FE-4340E39A3423}.Debug|Any CPU.ActiveCfg = Debug|Any CPU
		{77ED5F93-8401-4F99-99FE-4340E39A3423}.Debug|Any CPU.Build.0 = Debug|Any CPU
		{77ED5F93-8401-4F99-99FE-4340E39A3423}.Debug|x64.ActiveCfg = Debug|Any CPU
		{77ED5F93-8401-4F99-99FE-4340E39A3423}.Debug|x64.Build.0 = Debug|Any CPU
		{77ED5F93-8401-4F99-99FE-4340E39A3423}.Debug|x86.ActiveCfg = Debug|Any CPU
		{77ED5F93-8401-4F99-99FE-4340E39A3423}.Debug|x86.Build.0 = Debug|Any CPU
		{77ED5F93-8401-4F99-99FE-4340E39A3423}.Release|Any CPU.ActiveCfg = Release|Any CPU
		{77ED5F93-8401-4F99-99FE-4340E39A3423}.Release|Any CPU.Build.0 = Release|Any CPU
		{77ED5F93-8401-4F99-99FE-4340E39A3423}.Release|x64.ActiveCfg = Release|Any CPU
		{77ED5F93-8401-4F99-99FE-4340E39A3423}.Release|x64.Build.0 = Release|Any CPU
		{77ED5F93-8401-4F99-99FE-4340E39A3423}.Release|x86.ActiveCfg = Release|Any CPU
		{77ED5F93-8401-4F99-99FE-4340E39A3423}.Release|x86.Build.0 = Release|Any CPU
		{DEC5C64C-B19B-4404-882A-D177882FBCC4}.Debug|Any CPU.ActiveCfg = Debug|Any CPU
		{DEC5C64C-B19B-4404-882A-D177882FBCC4}.Debug|Any CPU.Build.0 = Debug|Any CPU
		{DEC5C64C-B19B-4404-882A-D177882FBCC4}.Debug|x64.ActiveCfg = Debug|Any CPU
		{DEC5C64C-B19B-4404-882A-D177882FBCC4}.Debug|x64.Build.0 = Debug|Any CPU
		{DEC5C64C-B19B-4404-882A-D177882FBCC4}.Debug|x86.ActiveCfg = Debug|Any CPU
		{DEC5C64C-B19B-4404-882A-D177882FBCC4}.Debug|x86.Build.0 = Debug|Any CPU
		{DEC5C64C-B19B-4404-882A-D177882FBCC4}.Release|Any CPU.ActiveCfg = Release|Any CPU
		{DEC5C64C-B19B-4404-882A-D177882FBCC4}.Release|Any CPU.Build.0 = Release|Any CPU
		{DEC5C64C-B19B-4404-882A-D177882FBCC4}.Release|x64.ActiveCfg = Release|Any CPU
		{DEC5C64C-B19B-4404-882A-D177882FBCC4}.Release|x64.Build.0 = Release|Any CPU
		{DEC5C64C-B19B-4404-882A-D177882FBCC4}.Release|x86.ActiveCfg = Release|Any CPU
		{DEC5C64C-B19B-4404-882A-D177882FBCC4}.Release|x86.Build.0 = Release|Any CPU
		{21BF589B-9DBA-4710-A859-E7C0F833DA68}.Debug|Any CPU.ActiveCfg = Debug|Any CPU
		{21BF589B-9DBA-4710-A859-E7C0F833DA68}.Debug|Any CPU.Build.0 = Debug|Any CPU
		{21BF589B-9DBA-4710-A859-E7C0F833DA68}.Debug|x64.ActiveCfg = Debug|Any CPU
		{21BF589B-9DBA-4710-A859-E7C0F833DA68}.Debug|x64.Build.0 = Debug|Any CPU
		{21BF589B-9DBA-4710-A859-E7C0F833DA68}.Debug|x86.ActiveCfg = Debug|Any CPU
		{21BF589B-9DBA-4710-A859-E7C0F833DA68}.Debug|x86.Build.0 = Debug|Any CPU
		{21BF589B-9DBA-4710-A859-E7C0F833DA68}.Release|Any CPU.ActiveCfg = Release|Any CPU
		{21BF589B-9DBA-4710-A859-E7C0F833DA68}.Release|Any CPU.Build.0 = Release|Any CPU
		{21BF589B-9DBA-4710-A859-E7C0F833DA68}.Release|x64.ActiveCfg = Release|Any CPU
		{21BF589B-9DBA-4710-A859-E7C0F833DA68}.Release|x64.Build.0 = Release|Any CPU
		{21BF589B-9DBA-4710-A859-E7C0F833DA68}.Release|x86.ActiveCfg = Release|Any CPU
		{21BF589B-9DBA-4710-A859-E7C0F833DA68}.Release|x86.Build.0 = Release|Any CPU
	EndGlobalSection
	GlobalSection(SolutionProperties) = preSolution
		HideSolutionNode = FALSE
	EndGlobalSection
	GlobalSection(NestedProjects) = preSolution
		{98C2F8D0-B23C-443A-957B-B83562C7EEB5} = {51344555-2E68-4920-9E11-5D5D4B329327}
		{85BCC4AD-E71E-4B09-965A-8A8E3A7099C4} = {D20ED5AA-93B8-44E6-BEC1-732D63C0912B}
		{AB90E174-CFD7-4609-AF0C-90BD05CE6D08} = {E7CEE90E-F428-44CF-B67F-54C6400D992A}
		{858B58C5-0C35-4CBA-81C4-29489AFCF830} = {AB90E174-CFD7-4609-AF0C-90BD05CE6D08}
		{48FEEF83-CBA2-4FC5-972D-87F61CE62939} = {AB90E174-CFD7-4609-AF0C-90BD05CE6D08}
		{207D750A-3A91-43B8-A40D-3FB8E8DD78CA} = {AB90E174-CFD7-4609-AF0C-90BD05CE6D08}
		{F91092AE-6B93-69D7-9E1E-B7C6ABA562D6} = {E7CEE90E-F428-44CF-B67F-54C6400D992A}
		{A934F701-992A-4988-BA23-058CD1F4BE99} = {F91092AE-6B93-69D7-9E1E-B7C6ABA562D6}
		{3C60B777-9BED-4980-B44C-5ACEAE81CB52} = {F91092AE-6B93-69D7-9E1E-B7C6ABA562D6}
		{DEBA135A-2C6B-4125-AD50-665AC3CE1FF7} = {F91092AE-6B93-69D7-9E1E-B7C6ABA562D6}
		{D474BC93-428F-4FAF-BE0A-5DAB2231D726} = {E7CEE90E-F428-44CF-B67F-54C6400D992A}
		{82CB7D59-55CE-4F56-981C-47A8E5D100A3} = {D474BC93-428F-4FAF-BE0A-5DAB2231D726}
		{6BD25877-074D-464D-A377-93AC830B0104} = {D474BC93-428F-4FAF-BE0A-5DAB2231D726}
		{C07FA403-FDD9-496B-962E-A28BD458459E} = {D474BC93-428F-4FAF-BE0A-5DAB2231D726}
		{F21D9C36-3483-4EE0-BA5B-AB23B4906AFB} = {E7CEE90E-F428-44CF-B67F-54C6400D992A}
		{AA6B8A3C-FDD1-4E22-8D85-D1D13B4B4A38} = {F21D9C36-3483-4EE0-BA5B-AB23B4906AFB}
		{C2DCA2F3-73B2-4C41-9923-F8AEC31E0CC9} = {F21D9C36-3483-4EE0-BA5B-AB23B4906AFB}
		{18405E47-AA05-4C59-A491-A1B0D74BEC43} = {F21D9C36-3483-4EE0-BA5B-AB23B4906AFB}
		{838CE182-28FC-7245-2CA5-B24D851E05E5} = {E7CEE90E-F428-44CF-B67F-54C6400D992A}
		{77ED5F93-8401-4F99-99FE-4340E39A3423} = {838CE182-28FC-7245-2CA5-B24D851E05E5}
		{DEC5C64C-B19B-4404-882A-D177882FBCC4} = {838CE182-28FC-7245-2CA5-B24D851E05E5}
		{21BF589B-9DBA-4710-A859-E7C0F833DA68} = {838CE182-28FC-7245-2CA5-B24D851E05E5}
	EndGlobalSection
EndGlobal
