
Microsoft Visual Studio Solution File, Format Version 12.00
Project("{2150E333-8FDC-42A3-9474-1A3956D46DE8}") = "Bootstrapper", "Bootstrapper", "{51344555-2E68-4920-9E11-5D5D4B329327}"
EndProject
Project("{2150E333-8FDC-42A3-9474-1A3956D46DE8}") = "Modules", "Modules", "{E7CEE90E-F428-44CF-B67F-54C6400D992A}"
EndProject
Project("{2150E333-8FDC-42A3-9474-1A3956D46DE8}") = "Shared", "Shared", "{D20ED5AA-93B8-44E6-BEC1-732D63C0912B}"
EndProject
Project("{FAE04EC0-301F-11D3-BF4B-00C04F79EFBC}") = "Cold.Bootstrapper", "Bootstrapper\Cold.Bootstrapper\Cold.Bootstrapper.csproj", "{98C2F8D0-B23C-443A-957B-B83562C7EEB5}"
EndProject
Project("{FAE04EC0-301F-11D3-BF4B-00C04F79EFBC}") = "Cold.Shared", "Shared\Cold.Shared\Cold.Shared.csproj", "{85BCC4AD-E71E-4B09-965A-8A8E3A7099C4}"
EndProject
Project("{2150E333-8FDC-42A3-9474-1A3956D46DE8}") = "Catalog", "Catalog", "{AB90E174-CFD7-4609-AF0C-90BD05CE6D08}"
EndProject
Project("{FAE04EC0-301F-11D3-BF4B-00C04F79EFBC}") = "Cold.Catalog.Api", "Modules\Catalog\Cold.Catalog.Api\Cold.Catalog.Api.csproj", "{858B58C5-0C35-4CBA-81C4-29489AFCF830}"
EndProject
Project("{FAE04EC0-301F-11D3-BF4B-00C04F79EFBC}") = "Cold.Catalog.Core", "Modules\Catalog\Cold.Catalog.Core\Cold.Catalog.Core.csproj", "{48FEEF83-CBA2-4FC5-972D-87F61CE62939}"
EndProject
Project("{FAE04EC0-301F-11D3-BF4B-00C04F79EFBC}") = "Cold.Catalog.Shared", "Modules\Catalog\Cold.Catalog.Shared\Cold.Catalog.Shared.csproj", "{207D750A-3A91-43B8-A40D-3FB8E8DD78CA}"
EndProject
Global
	GlobalSection(SolutionConfigurationPlatforms) = preSolution
		Debug|Any CPU = Debug|Any CPU
		Release|Any CPU = Release|Any CPU
	EndGlobalSection
	GlobalSection(NestedProjects) = preSolution
		{98C2F8D0-B23C-443A-957B-B83562C7EEB5} = {51344555-2E68-4920-9E11-5D5D4B329327}
		{85BCC4AD-E71E-4B09-965A-8A8E3A7099C4} = {D20ED5AA-93B8-44E6-BEC1-732D63C0912B}
		{AB90E174-CFD7-4609-AF0C-90BD05CE6D08} = {E7CEE90E-F428-44CF-B67F-54C6400D992A}
		{858B58C5-0C35-4CBA-81C4-29489AFCF830} = {AB90E174-CFD7-4609-AF0C-90BD05CE6D08}
		{48FEEF83-CBA2-4FC5-972D-87F61CE62939} = {AB90E174-CFD7-4609-AF0C-90BD05CE6D08}
		{207D750A-3A91-43B8-A40D-3FB8E8DD78CA} = {AB90E174-CFD7-4609-AF0C-90BD05CE6D08}
	EndGlobalSection
	GlobalSection(ProjectConfigurationPlatforms) = postSolution
		{98C2F8D0-B23C-443A-957B-B83562C7EEB5}.Debug|Any CPU.ActiveCfg = Debug|Any CPU
		{98C2F8D0-B23C-443A-957B-B83562C7EEB5}.Debug|Any CPU.Build.0 = Debug|Any CPU
		{98C2F8D0-B23C-443A-957B-B83562C7EEB5}.Release|Any CPU.ActiveCfg = Release|Any CPU
		{98C2F8D0-B23C-443A-957B-B83562C7EEB5}.Release|Any CPU.Build.0 = Release|Any CPU
		{85BCC4AD-E71E-4B09-965A-8A8E3A7099C4}.Debug|Any CPU.ActiveCfg = Debug|Any CPU
		{85BCC4AD-E71E-4B09-965A-8A8E3A7099C4}.Debug|Any CPU.Build.0 = Debug|Any CPU
		{85BCC4AD-E71E-4B09-965A-8A8E3A7099C4}.Release|Any CPU.ActiveCfg = Release|Any CPU
		{85BCC4AD-E71E-4B09-965A-8A8E3A7099C4}.Release|Any CPU.Build.0 = Release|Any CPU
		{858B58C5-0C35-4CBA-81C4-29489AFCF830}.Debug|Any CPU.ActiveCfg = Debug|Any CPU
		{858B58C5-0C35-4CBA-81C4-29489AFCF830}.Debug|Any CPU.Build.0 = Debug|Any CPU
		{858B58C5-0C35-4CBA-81C4-29489AFCF830}.Release|Any CPU.ActiveCfg = Release|Any CPU
		{858B58C5-0C35-4CBA-81C4-29489AFCF830}.Release|Any CPU.Build.0 = Release|Any CPU
		{48FEEF83-CBA2-4FC5-972D-87F61CE62939}.Debug|Any CPU.ActiveCfg = Debug|Any CPU
		{48FEEF83-CBA2-4FC5-972D-87F61CE62939}.Debug|Any CPU.Build.0 = Debug|Any CPU
		{48FEEF83-CBA2-4FC5-972D-87F61CE62939}.Release|Any CPU.ActiveCfg = Release|Any CPU
		{48FEEF83-CBA2-4FC5-972D-87F61CE62939}.Release|Any CPU.Build.0 = Release|Any CPU
		{207D750A-3A91-43B8-A40D-3FB8E8DD78CA}.Debug|Any CPU.ActiveCfg = Debug|Any CPU
		{207D750A-3A91-43B8-A40D-3FB8E8DD78CA}.Debug|Any CPU.Build.0 = Debug|Any CPU
		{207D750A-3A91-43B8-A40D-3FB8E8DD78CA}.Release|Any CPU.ActiveCfg = Release|Any CPU
		{207D750A-3A91-43B8-A40D-3FB8E8DD78CA}.Release|Any CPU.Build.0 = Release|Any CPU
	EndGlobalSection
EndGlobal
